
Microsoft Visual Studio Solution File, Format Version 12.00
# Visual Studio Version 17
VisualStudioVersion = 17.9.34723.18
MinimumVisualStudioVersion = 10.0.40219.1
Project("{FAE04EC0-301F-11D3-BF4B-00C04F79EFBC}") = "PeakOnline", "Peak Online/PeakOnline.csproj", "{84A0D10F-0131-4441-85A0-BFF6300B10F5}"
EndProject
Global
	GlobalSection(SolutionConfigurationPlatforms) = preSolution
		Debug|Any CPU = Debug|Any CPU
		Release|Any CPU = Release|Any CPU
	EndGlobalSection
	GlobalSection(ProjectConfigurationPlatforms) = postSolution
		{84A0D10F-0131-4441-85A0-BFF6300B10F5}.Debug|Any CPU.ActiveCfg = Debug|Any CPU
		{84A0D10F-0131-4441-85A0-BFF6300B10F5}.Debug|Any CPU.Build.0 = Debug|Any CPU
		{84A0D10F-0131-4441-85A0-BFF6300B10F5}.Release|Any CPU.ActiveCfg = Release|Any CPU
		{84A0D10F-0131-4441-85A0-BFF6300B10F5}.Release|Any CPU.Build.0 = Release|Any CPU
	EndGlobalSection
	GlobalSection(SolutionProperties) = preSolution
		HideSolutionNode = FALSE
	EndGlobalSection
	GlobalSection(ExtensibilityGlobals) = postSolution
		SolutionGuid = {AA360011-F353-415E-A438-78A1A0F98670}
	EndGlobalSection
EndGlobal
